{
  "name": "vitalpath-ai-bmsssp-runner",
  "lockfileVersion": 2,
  "requires": true,
  "packages": {
    "": {
      "name": "vitalpath-ai-bmsssp-runner",
      "dependencies": {
        "bm-sssp": "1.0.0"
      }
    },
    "node_modules/bm-sssp": {
      "version": "1.0.0",
      "resolved": "https://registry.npmjs.org/bm-sssp/-/bm-sssp-1.0.0.tgz",
      "integrity": "sha512-GaAMLsccMY1oooJzJmlya9G0PBRfeLoYHDB3knueujdMrLzEb/mes7o9GEWS9PQUDvgZeR3i29BvHSNJpnsbCg=="
    }
  },
  "dependencies": {
    "bm-sssp": {
      "version": "1.0.0",
      "resolved": "https://registry.npmjs.org/bm-sssp/-/bm-sssp-1.0.0.tgz",
      "integrity": "sha512-GaAMLsccMY1oooJzJmlya9G0PBRfeLoYHDB3knueujdMrLzEb/mes7o9GEWS9PQUDvgZeR3i29BvHSNJpnsbCg=="
    }
  }
}
